
Microsoft Visual Studio Solution File, Format Version 12.00
# Visual Studio 15
VisualStudioVersion = 15.0.26403.7
MinimumVisualStudioVersion = 10.0.40219.1
Project("{FAE04EC0-301F-11D3-BF4B-00C04F79EFBC}") = "Alfheim", "Alfheim\Alfheim.csproj", "{F0EF0655-81F6-424D-9F35-62A678466893}"
EndProject
Project("{FAE04EC0-301F-11D3-BF4B-00C04F79EFBC}") = "Alfheim_Model", "Alfheim_Model\Alfheim_Model.csproj", "{6D9E1585-278B-4410-BC9D-48EE3C196920}"
EndProject
Project("{FAE04EC0-301F-11D3-BF4B-00C04F79EFBC}") = "Alfheim_ViewModel", "Alfheim_ViewModel\Alfheim_ViewModel.csproj", "{98F1CF00-8482-4718-9625-6E49D5625EC8}"
EndProject
Global
	GlobalSection(SolutionConfigurationPlatforms) = preSolution
		Debug|Any CPU = Debug|Any CPU
		Debug|x64 = Debug|x64
		Debug|x86 = Debug|x86
		Release|Any CPU = Release|Any CPU
		Release|x64 = Release|x64
		Release|x86 = Release|x86
	EndGlobalSection
	GlobalSection(ProjectConfigurationPlatforms) = postSolution
		{F0EF0655-81F6-424D-9F35-62A678466893}.Debug|Any CPU.ActiveCfg = Debug|Any CPU
		{F0EF0655-81F6-424D-9F35-62A678466893}.Debug|Any CPU.Build.0 = Debug|Any CPU
		{F0EF0655-81F6-424D-9F35-62A678466893}.Debug|x64.ActiveCfg = Debug|Any CPU
		{F0EF0655-81F6-424D-9F35-62A678466893}.Debug|x64.Build.0 = Debug|Any CPU
		{F0EF0655-81F6-424D-9F35-62A678466893}.Debug|x86.ActiveCfg = Debug|Any CPU
		{F0EF0655-81F6-424D-9F35-62A678466893}.Debug|x86.Build.0 = Debug|Any CPU
		{F0EF0655-81F6-424D-9F35-62A678466893}.Release|Any CPU.ActiveCfg = Release|Any CPU
		{F0EF0655-81F6-424D-9F35-62A678466893}.Release|Any CPU.Build.0 = Release|Any CPU
		{F0EF0655-81F6-424D-9F35-62A678466893}.Release|x64.ActiveCfg = Release|Any CPU
		{F0EF0655-81F6-424D-9F35-62A678466893}.Release|x64.Build.0 = Release|Any CPU
		{F0EF0655-81F6-424D-9F35-62A678466893}.Release|x86.ActiveCfg = Release|Any CPU
		{F0EF0655-81F6-424D-9F35-62A678466893}.Release|x86.Build.0 = Release|Any CPU
		{6D9E1585-278B-4410-BC9D-48EE3C196920}.Debug|Any CPU.ActiveCfg = Debug|Any CPU
		{6D9E1585-278B-4410-BC9D-48EE3C196920}.Debug|Any CPU.Build.0 = Debug|Any CPU
		{6D9E1585-278B-4410-BC9D-48EE3C196920}.Debug|x64.ActiveCfg = Debug|Any CPU
		{6D9E1585-278B-4410-BC9D-48EE3C196920}.Debug|x64.Build.0 = Debug|Any CPU
		{6D9E1585-278B-4410-BC9D-48EE3C196920}.Debug|x86.ActiveCfg = Debug|Any CPU
		{6D9E1585-278B-4410-BC9D-48EE3C196920}.Debug|x86.Build.0 = Debug|Any CPU
		{6D9E1585-278B-4410-BC9D-48EE3C196920}.Release|Any CPU.ActiveCfg = Release|Any CPU
		{6D9E1585-278B-4410-BC9D-48EE3C196920}.Release|Any CPU.Build.0 = Release|Any CPU
		{6D9E1585-278B-4410-BC9D-48EE3C196920}.Release|x64.ActiveCfg = Release|Any CPU
		{6D9E1585-278B-4410-BC9D-48EE3C196920}.Release|x64.Build.0 = Release|Any CPU
		{6D9E1585-278B-4410-BC9D-48EE3C196920}.Release|x86.ActiveCfg = Release|Any CPU
		{6D9E1585-278B-4410-BC9D-48EE3C196920}.Release|x86.Build.0 = Release|Any CPU
		{98F1CF00-8482-4718-9625-6E49D5625EC8}.Debug|Any CPU.ActiveCfg = Debug|Any CPU
		{98F1CF00-8482-4718-9625-6E49D5625EC8}.Debug|Any CPU.Build.0 = Debug|Any CPU
		{98F1CF00-8482-4718-9625-6E49D5625EC8}.Debug|x64.ActiveCfg = Debug|Any CPU
		{98F1CF00-8482-4718-9625-6E49D5625EC8}.Debug|x64.Build.0 = Debug|Any CPU
		{98F1CF00-8482-4718-9625-6E49D5625EC8}.Debug|x86.ActiveCfg = Debug|Any CPU
		{98F1CF00-8482-4718-9625-6E49D5625EC8}.Debug|x86.Build.0 = Debug|Any CPU
		{98F1CF00-8482-4718-9625-6E49D5625EC8}.Release|Any CPU.ActiveCfg = Release|Any CPU
		{98F1CF00-8482-4718-9625-6E49D5625EC8}.Release|Any CPU.Build.0 = Release|Any CPU
		{98F1CF00-8482-4718-9625-6E49D5625EC8}.Release|x64.ActiveCfg = Release|Any CPU
		{98F1CF00-8482-4718-9625-6E49D5625EC8}.Release|x64.Build.0 = Release|Any CPU
		{98F1CF00-8482-4718-9625-6E49D5625EC8}.Release|x86.ActiveCfg = Release|Any CPU
		{98F1CF00-8482-4718-9625-6E49D5625EC8}.Release|x86.Build.0 = Release|Any CPU
	EndGlobalSection
	GlobalSection(SolutionProperties) = preSolution
		HideSolutionNode = FALSE
	EndGlobalSection
	GlobalSection(ExtensibilityGlobals) = postSolution
		SolutionGuid = {B4B8A038-C271-4EE3-A836-283191CD79A0}
	EndGlobalSection
EndGlobal
